
Microsoft Visual Studio Solution File, Format Version 12.00
# Visual Studio 15
VisualStudioVersion = 15.0.28307.168
MinimumVisualStudioVersion = 10.0.40219.1
Project("{2150E333-8FDC-42A3-9474-1A3956D46DE8}") = "src", "src", "{7A1618C0-4A73-4F18-9B31-34769C2375B5}"
EndProject
Project("{2150E333-8FDC-42A3-9474-1A3956D46DE8}") = "4.Infra", "4.Infra", "{3CFCAA7F-F042-4E0E-B6E3-8A32190C1997}"
EndProject
Project("{2150E333-8FDC-42A3-9474-1A3956D46DE8}") = "3.Domain", "3.Domain", "{119BAA7C-9C5C-4619-9DB4-D71AC317F775}"
EndProject
Project("{9A19103F-16F7-4668-BE54-9A1E7A4F7556}") = "Red.Domain", "Red.Domain\Red.Domain.csproj", "{DB1994FF-4E80-483C-A255-90FF21939E4D}"
EndProject
Project("{2150E333-8FDC-42A3-9474-1A3956D46DE8}") = "_scripts", "_scripts", "{02EB466C-FCB8-464D-B2EE-207384485902}"
EndProject
Project("{2150E333-8FDC-42A3-9474-1A3956D46DE8}") = "_test", "_test", "{F8D4EA63-F97A-4F9F-9B4C-5C0405C33013}"
EndProject
Project("{2150E333-8FDC-42A3-9474-1A3956D46DE8}") = "_docs", "_docs", "{E484A671-98BE-4A5F-B9F9-69CEAC3C7741}"
EndProject
Project("{9A19103F-16F7-4668-BE54-9A1E7A4F7556}") = "Red.Bus", "Red.Bus\Red.Bus.csproj", "{09C53AEB-B4AC-4596-98D3-B0ACD6AB359B}"
EndProject
Project("{9A19103F-16F7-4668-BE54-9A1E7A4F7556}") = "Red.IoC", "Red.IoC\Red.IoC.csproj", "{5C571410-2826-4FFE-991A-E547DCDBE57F}"
EndProject
Project("{2150E333-8FDC-42A3-9474-1A3956D46DE8}") = "1.Service", "1.Service", "{682E76EE-9120-454E-AD60-C0DEB9FBB876}"
EndProject
Project("{9A19103F-16F7-4668-BE54-9A1E7A4F7556}") = "Red.Service", "Red.Service\Red.Service.csproj", "{FAA89E89-9C6A-4446-9798-FEECE39C0A41}"
EndProject
Project("{9A19103F-16F7-4668-BE54-9A1E7A4F7556}") = "Red.Domain.Core", "Red.Domain.Core\Red.Domain.Core.csproj", "{017CA9D4-B74B-4516-BC73-57A987F6B4C0}"
EndProject
Project("{2150E333-8FDC-42A3-9474-1A3956D46DE8}") = "4.1.Data", "4.1.Data", "{5EF55B7B-BAE6-4D58-9A11-3E7044AA6F82}"
EndProject
Project("{2150E333-8FDC-42A3-9474-1A3956D46DE8}") = "4.2.CrossCutting", "4.2.CrossCutting", "{A3E2EEA4-1894-4957-B102-8DB3446F5D1D}"
EndProject
Project("{9A19103F-16F7-4668-BE54-9A1E7A4F7556}") = "Red.DataContext", "Red.DataContext\Red.DataContext.csproj", "{71F79F6C-FE72-45FF-9929-CA13BB3294D0}"
EndProject
Global
	GlobalSection(SolutionConfigurationPlatforms) = preSolution
		Debug|Any CPU = Debug|Any CPU
		Release|Any CPU = Release|Any CPU
	EndGlobalSection
	GlobalSection(ProjectConfigurationPlatforms) = postSolution
		{DB1994FF-4E80-483C-A255-90FF21939E4D}.Debug|Any CPU.ActiveCfg = Debug|Any CPU
		{DB1994FF-4E80-483C-A255-90FF21939E4D}.Debug|Any CPU.Build.0 = Debug|Any CPU
		{DB1994FF-4E80-483C-A255-90FF21939E4D}.Release|Any CPU.ActiveCfg = Release|Any CPU
		{DB1994FF-4E80-483C-A255-90FF21939E4D}.Release|Any CPU.Build.0 = Release|Any CPU
		{09C53AEB-B4AC-4596-98D3-B0ACD6AB359B}.Debug|Any CPU.ActiveCfg = Debug|Any CPU
		{09C53AEB-B4AC-4596-98D3-B0ACD6AB359B}.Debug|Any CPU.Build.0 = Debug|Any CPU
		{09C53AEB-B4AC-4596-98D3-B0ACD6AB359B}.Release|Any CPU.ActiveCfg = Release|Any CPU
		{09C53AEB-B4AC-4596-98D3-B0ACD6AB359B}.Release|Any CPU.Build.0 = Release|Any CPU
		{5C571410-2826-4FFE-991A-E547DCDBE57F}.Debug|Any CPU.ActiveCfg = Debug|Any CPU
		{5C571410-2826-4FFE-991A-E547DCDBE57F}.Debug|Any CPU.Build.0 = Debug|Any CPU
		{5C571410-2826-4FFE-991A-E547DCDBE57F}.Release|Any CPU.ActiveCfg = Release|Any CPU
		{5C571410-2826-4FFE-991A-E547DCDBE57F}.Release|Any CPU.Build.0 = Release|Any CPU
		{FAA89E89-9C6A-4446-9798-FEECE39C0A41}.Debug|Any CPU.ActiveCfg = Debug|Any CPU
		{FAA89E89-9C6A-4446-9798-FEECE39C0A41}.Debug|Any CPU.Build.0 = Debug|Any CPU
		{FAA89E89-9C6A-4446-9798-FEECE39C0A41}.Release|Any CPU.ActiveCfg = Release|Any CPU
		{FAA89E89-9C6A-4446-9798-FEECE39C0A41}.Release|Any CPU.Build.0 = Release|Any CPU
		{017CA9D4-B74B-4516-BC73-57A987F6B4C0}.Debug|Any CPU.ActiveCfg = Debug|Any CPU
		{017CA9D4-B74B-4516-BC73-57A987F6B4C0}.Debug|Any CPU.Build.0 = Debug|Any CPU
		{017CA9D4-B74B-4516-BC73-57A987F6B4C0}.Release|Any CPU.ActiveCfg = Release|Any CPU
		{017CA9D4-B74B-4516-BC73-57A987F6B4C0}.Release|Any CPU.Build.0 = Release|Any CPU
		{71F79F6C-FE72-45FF-9929-CA13BB3294D0}.Debug|Any CPU.ActiveCfg = Debug|Any CPU
		{71F79F6C-FE72-45FF-9929-CA13BB3294D0}.Debug|Any CPU.Build.0 = Debug|Any CPU
		{71F79F6C-FE72-45FF-9929-CA13BB3294D0}.Release|Any CPU.ActiveCfg = Release|Any CPU
		{71F79F6C-FE72-45FF-9929-CA13BB3294D0}.Release|Any CPU.Build.0 = Release|Any CPU
	EndGlobalSection
	GlobalSection(SolutionProperties) = preSolution
		HideSolutionNode = FALSE
	EndGlobalSection
	GlobalSection(NestedProjects) = preSolution
		{3CFCAA7F-F042-4E0E-B6E3-8A32190C1997} = {7A1618C0-4A73-4F18-9B31-34769C2375B5}
		{119BAA7C-9C5C-4619-9DB4-D71AC317F775} = {7A1618C0-4A73-4F18-9B31-34769C2375B5}
		{DB1994FF-4E80-483C-A255-90FF21939E4D} = {119BAA7C-9C5C-4619-9DB4-D71AC317F775}
		{09C53AEB-B4AC-4596-98D3-B0ACD6AB359B} = {A3E2EEA4-1894-4957-B102-8DB3446F5D1D}
		{5C571410-2826-4FFE-991A-E547DCDBE57F} = {A3E2EEA4-1894-4957-B102-8DB3446F5D1D}
		{682E76EE-9120-454E-AD60-C0DEB9FBB876} = {7A1618C0-4A73-4F18-9B31-34769C2375B5}
		{FAA89E89-9C6A-4446-9798-FEECE39C0A41} = {682E76EE-9120-454E-AD60-C0DEB9FBB876}
		{017CA9D4-B74B-4516-BC73-57A987F6B4C0} = {119BAA7C-9C5C-4619-9DB4-D71AC317F775}
		{5EF55B7B-BAE6-4D58-9A11-3E7044AA6F82} = {3CFCAA7F-F042-4E0E-B6E3-8A32190C1997}
		{A3E2EEA4-1894-4957-B102-8DB3446F5D1D} = {3CFCAA7F-F042-4E0E-B6E3-8A32190C1997}
		{71F79F6C-FE72-45FF-9929-CA13BB3294D0} = {5EF55B7B-BAE6-4D58-9A11-3E7044AA6F82}
	EndGlobalSection
	GlobalSection(ExtensibilityGlobals) = postSolution
		SolutionGuid = {9EFF45AF-32EC-470D-B6B5-73D870D04A6F}
	EndGlobalSection
EndGlobal
